
Microsoft Visual Studio Solution File, Format Version 12.00
# Visual Studio Version 16
VisualStudioVersion = 16.0.30114.105
MinimumVisualStudioVersion = 10.0.40219.1
Project("{FAE04EC0-301F-11D3-BF4B-00C04F79EFBC}") = "HttpRequest_Test", "HttpRequest_Test\HttpRequest_Test.csproj", "{B7562BDD-38F1-4BA2-B28B-7955D1B9BEAD}"
EndProject
Global
	GlobalSection(SolutionConfigurationPlatforms) = preSolution
		Debug|Any CPU = Debug|Any CPU
		Release|Any CPU = Release|Any CPU
	EndGlobalSection
	GlobalSection(ProjectConfigurationPlatforms) = postSolution
		{B7562BDD-38F1-4BA2-B28B-7955D1B9BEAD}.Debug|Any CPU.ActiveCfg = Debug|Any CPU
		{B7562BDD-38F1-4BA2-B28B-7955D1B9BEAD}.Debug|Any CPU.Build.0 = Debug|Any CPU
		{B7562BDD-38F1-4BA2-B28B-7955D1B9BEAD}.Release|Any CPU.ActiveCfg = Release|Any CPU
		{B7562BDD-38F1-4BA2-B28B-7955D1B9BEAD}.Release|Any CPU.Build.0 = Release|Any CPU
	EndGlobalSection
	GlobalSection(SolutionProperties) = preSolution
		HideSolutionNode = FALSE
	EndGlobalSection
	GlobalSection(ExtensibilityGlobals) = postSolution
		SolutionGuid = {AF39BB3D-ED85-40EF-ACB7-32F897052E0D}
	EndGlobalSection
EndGlobal
